// !$*UTF8*$!
{
	archiveVersion = 1;
	classes = {
	};
	objectVersion = 46;
	objects = {

/* Begin PBXBuildFile section */
		27FE868A1CE96A3200506947 /* main.m in Sources */ = {isa = PBXBuildFile; fileRef = 27FE86891CE96A3200506947 /* main.m */; };
		27FE86921CE96A6F00506947 /* ZYXLeifeng.m in Sources */ = {isa = PBXBuildFile; fileRef = 27FE86911CE96A6F00506947 /* ZYXLeifeng.m */; };
		27FE86951CE96AD400506947 /* ZYXUndergradute.m in Sources */ = {isa = PBXBuildFile; fileRef = 27FE86941CE96AD400506947 /* ZYXUndergradute.m */; };
		27FE86981CE96AE700506947 /* ZYXVolunteer.m in Sources */ = {isa = PBXBuildFile; fileRef = 27FE86971CE96AE700506947 /* ZYXVolunteer.m */; };
		27FE869B1CE96B3500506947 /* ZYXIFactory.m in Sources */ = {isa = PBXBuildFile; fileRef = 27FE869A1CE96B3500506947 /* ZYXIFactory.m */; };
		27FE869E1CE96B5B00506947 /* ZYXUndergraduteFactory.m in Sources */ = {isa = PBXBuildFile; fileRef = 27FE869D1CE96B5B00506947 /* ZYXUndergraduteFactory.m */; };
		27FE86A11CE96BBC00506947 /* ZYXVolunteerFactory.m in Sources */ = {isa = PBXBuildFile; fileRef = 27FE86A01CE96BBC00506947 /* ZYXVolunteerFactory.m */; };
/* End PBXBuildFile section */

/* Begin PBXCopyFilesBuildPhase section */
		27FE86841CE96A3200506947 /* CopyFiles */ = {
			isa = PBXCopyFilesBuildPhase;
			buildActionMask = 2147483647;
			dstPath = /usr/share/man/man1/;
			dstSubfolderSpec = 0;
			files = (
			);
			runOnlyForDeploymentPostprocessing = 1;
		};
/* End PBXCopyFilesBuildPhase section */

/* Begin PBXFileReference section */
		27FE86861CE96A3200506947 /* ZYXFactoryPatten */ = {isa = PBXFileReference; explicitFileType = "compiled.mach-o.executable"; includeInIndex = 0; path = ZYXFactoryPatten; sourceTree = BUILT_PRODUCTS_DIR; };
		27FE86891CE96A3200506947 /* main.m */ = {isa = PBXFileReference; lastKnownFileType = sourcecode.c.objc; path = main.m; sourceTree = "<group>"; };
		27FE86901CE96A6F00506947 /* ZYXLeifeng.h */ = {isa = PBXFileReference; fileEncoding = 4; lastKnownFileType = sourcecode.c.h; path = ZYXLeifeng.h; sourceTree = "<group>"; };
		27FE86911CE96A6F00506947 /* ZYXLeifeng.m */ = {isa = PBXFileReference; fileEncoding = 4; lastKnownFileType = sourcecode.c.objc; path = ZYXLeifeng.m; sourceTree = "<group>"; };
		27FE86931CE96AD400506947 /* ZYXUndergradute.h */ = {isa = PBXFileReference; fileEncoding = 4; lastKnownFileType = sourcecode.c.h; path = ZYXUndergradute.h; sourceTree = "<group>"; };
		27FE86941CE96AD400506947 /* ZYXUndergradute.m */ = {isa = PBXFileReference; fileEncoding = 4; lastKnownFileType = sourcecode.c.objc; path = ZYXUndergradute.m; sourceTree = "<group>"; };
		27FE86961CE96AE700506947 /* ZYXVolunteer.h */ = {isa = PBXFileReference; fileEncoding = 4; lastKnownFileType = sourcecode.c.h; path = ZYXVolunteer.h; sourceTree = "<group>"; };
		27FE86971CE96AE700506947 /* ZYXVolunteer.m */ = {isa = PBXFileReference; fileEncoding = 4; lastKnownFileType = sourcecode.c.objc; path = ZYXVolunteer.m; sourceTree = "<group>"; };
		27FE86991CE96B3500506947 /* ZYXIFactory.h */ = {isa = PBXFileReference; fileEncoding = 4; lastKnownFileType = sourcecode.c.h; path = ZYXIFactory.h; sourceTree = "<group>"; };
		27FE869A1CE96B3500506947 /* ZYXIFactory.m */ = {isa = PBXFileReference; fileEncoding = 4; lastKnownFileType = sourcecode.c.objc; path = ZYXIFactory.m; sourceTree = "<group>"; };
		27FE869C1CE96B5B00506947 /* ZYXUndergraduteFactory.h */ = {isa = PBXFileReference; fileEncoding = 4; lastKnownFileType = sourcecode.c.h; path = ZYXUndergraduteFactory.h; sourceTree = "<group>"; };
		27FE869D1CE96B5B00506947 /* ZYXUndergraduteFactory.m */ = {isa = PBXFileReference; fileEncoding = 4; lastKnownFileType = sourcecode.c.objc; path = ZYXUndergraduteFactory.m; sourceTree = "<group>"; };
		27FE869F1CE96BBC00506947 /* ZYXVolunteerFactory.h */ = {isa = PBXFileReference; fileEncoding = 4; lastKnownFileType = sourcecode.c.h; path = ZYXVolunteerFactory.h; sourceTree = "<group>"; };
		27FE86A01CE96BBC00506947 /* ZYXVolunteerFactory.m */ = {isa = PBXFileReference; fileEncoding = 4; lastKnownFileType = sourcecode.c.objc; path = ZYXVolunteerFactory.m; sourceTree = "<group>"; };
/* End PBXFileReference section */

/* Begin PBXFrameworksBuildPhase section */
		27FE86831CE96A3200506947 /* Frameworks */ = {
			isa = PBXFrameworksBuildPhase;
			buildActionMask = 2147483647;
			files = (
			);
			runOnlyForDeploymentPostprocessing = 0;
		};
/* End PBXFrameworksBuildPhase section */

/* Begin PBXGroup section */
		27FE867D1CE96A3200506947 = {
			isa = PBXGroup;
			children = (
				27FE86881CE96A3200506947 /* ZYXFactoryPatten */,
				27FE86871CE96A3200506947 /* Products */,
			);
			sourceTree = "<group>";
		};
		27FE86871CE96A3200506947 /* Products */ = {
			isa = PBXGroup;
			children = (
				27FE86861CE96A3200506947 /* ZYXFactoryPatten */,
			);
			name = Products;
			sourceTree = "<group>";
		};
		27FE86881CE96A3200506947 /* ZYXFactoryPatten */ = {
			isa = PBXGroup;
			children = (
				27FE86891CE96A3200506947 /* main.m */,
				27FE86901CE96A6F00506947 /* ZYXLeifeng.h */,
				27FE86911CE96A6F00506947 /* ZYXLeifeng.m */,
				27FE86931CE96AD400506947 /* ZYXUndergradute.h */,
				27FE86941CE96AD400506947 /* ZYXUndergradute.m */,
				27FE86961CE96AE700506947 /* ZYXVolunteer.h */,
				27FE86971CE96AE700506947 /* ZYXVolunteer.m */,
				27FE86991CE96B3500506947 /* ZYXIFactory.h */,
				27FE869A1CE96B3500506947 /* ZYXIFactory.m */,
				27FE869C1CE96B5B00506947 /* ZYXUndergraduteFactory.h */,
				27FE869D1CE96B5B00506947 /* ZYXUndergraduteFactory.m */,
				27FE869F1CE96BBC00506947 /* ZYXVolunteerFactory.h */,
				27FE86A01CE96BBC00506947 /* ZYXVolunteerFactory.m */,
			);
			path = ZYXFactoryPatten;
			sourceTree = "<group>";
		};
/* End PBXGroup section */

/* Begin PBXNativeTarget section */
		27FE86851CE96A3200506947 /* ZYXFactoryPatten */ = {
			isa = PBXNativeTarget;
			buildConfigurationList = 27FE868D1CE96A3200506947 /* Build configuration list for PBXNativeTarget "ZYXFactoryPatten" */;
			buildPhases = (
				27FE86821CE96A3200506947 /* Sources */,
				27FE86831CE96A3200506947 /* Frameworks */,
				27FE86841CE96A3200506947 /* CopyFiles */,
			);
			buildRules = (
			);
			dependencies = (
			);
			name = ZYXFactoryPatten;
			productName = ZYXFactoryPatten;
			productReference = 27FE86861CE96A3200506947 /* ZYXFactoryPatten */;
			productType = "com.apple.product-type.tool";
		};
/* End PBXNativeTarget section */

/* Begin PBXProject section */
		27FE867E1CE96A3200506947 /* Project object */ = {
			isa = PBXProject;
			attributes = {
				LastUpgradeCheck = 0730;
				ORGANIZATIONNAME = "卓酉鑫";
				TargetAttributes = {
					27FE86851CE96A3200506947 = {
						CreatedOnToolsVersion = 7.3.1;
					};
				};
			};
			buildConfigurationList = 27FE86811CE96A3200506947 /* Build configuration list for PBXProject "ZYXFactoryPatten" */;
			compatibilityVersion = "Xcode 3.2";
			developmentRegion = English;
			hasScannedForEncodings = 0;
			knownRegions = (
				en,
			);
			mainGroup = 27FE867D1CE96A3200506947;
			productRefGroup = 27FE86871CE96A3200506947 /* Products */;
			projectDirPath = "";
			projectRoot = "";
			targets = (
				27FE86851CE96A3200506947 /* ZYXFactoryPatten */,
			);
		};
/* End PBXProject section */

/* Begin PBXSourcesBuildPhase section */
		27FE86821CE96A3200506947 /* Sources */ = {
			isa = PBXSourcesBuildPhase;
			buildActionMask = 2147483647;
			files = (
				27FE869E1CE96B5B00506947 /* ZYXUndergraduteFactory.m in Sources */,
				27FE86981CE96AE700506947 /* ZYXVolunteer.m in Sources */,
				27FE869B1CE96B3500506947 /* ZYXIFactory.m in Sources */,
				27FE86921CE96A6F00506947 /* ZYXLeifeng.m in Sources */,
				27FE86951CE96AD400506947 /* ZYXUndergradute.m in Sources */,
				27FE86A11CE96BBC00506947 /* ZYXVolunteerFactory.m in Sources */,
				27FE868A1CE96A3200506947 /* main.m in Sources */,
			);
			runOnlyForDeploymentPostprocessing = 0;
		};
/* End PBXSourcesBuildPhase section */

/* Begin XCBuildConfiguration section */
		27FE868B1CE96A3200506947 /* Debug */ = {
			isa = XCBuildConfiguration;
			buildSettings = {
				ALWAYS_SEARCH_USER_PATHS = NO;
				CLANG_ANALYZER_NONNULL = YES;
				CLANG_CXX_LANGUAGE_STANDARD = "gnu++0x";
				CLANG_CXX_LIBRARY = "libc++";
				CLANG_ENABLE_MODULES = YES;
				CLANG_ENABLE_OBJC_ARC = YES;
				CLANG_WARN_BOOL_CONVERSION = YES;
				CLANG_WARN_CONSTANT_CONVERSION = YES;
				CLANG_WARN_DIRECT_OBJC_ISA_USAGE = YES_ERROR;
				CLANG_WARN_EMPTY_BODY = YES;
				CLANG_WARN_ENUM_CONVERSION = YES;
				CLANG_WARN_INT_CONVERSION = YES;
				CLANG_WARN_OBJC_ROOT_CLASS = YES_ERROR;
				CLANG_WARN_UNREACHABLE_CODE = YES;
				CLANG_WARN__DUPLICATE_METHOD_MATCH = YES;
				CODE_SIGN_IDENTITY = "-";
				COPY_PHASE_STRIP = NO;
				DEBUG_INFORMATION_FORMAT = dwarf;
				ENABLE_STRICT_OBJC_MSGSEND = YES;
				ENABLE_TESTABILITY = YES;
				GCC_C_LANGUAGE_STANDARD = gnu99;
				GCC_DYNAMIC_NO_PIC = NO;
				GCC_NO_COMMON_BLOCKS = YES;
				GCC_OPTIMIZATION_LEVEL = 0;
				GCC_PREPROCESSOR_DEFINITIONS = (
					"DEBUG=1",
					"$(inherited)",
				);
				GCC_WARN_64_TO_32_BIT_CONVERSION = YES;
				GCC_WARN_ABOUT_RETURN_TYPE = YES_ERROR;
				GCC_WARN_UNDECLARED_SELECTOR = YES;
				GCC_WARN_UNINITIALIZED_AUTOS = YES_AGGRESSIVE;
				GCC_WARN_UNUSED_FUNCTION = YES;
				GCC_WARN_UNUSED_VARIABLE = YES;
				MACOSX_DEPLOYMENT_TARGET = 10.11;
				MTL_ENABLE_DEBUG_INFO = YES;
				ONLY_ACTIVE_ARCH = YES;
				SDKROOT = macosx;
			};
			name = Debug;
		};
		27FE868C1CE96A3200506947 /* Release */ = {
			isa = XCBuildConfiguration;
			buildSettings = {
				ALWAYS_SEARCH_USER_PATHS = NO;
				CLANG_ANALYZER_NONNULL = YES;
				CLANG_CXX_LANGUAGE_STANDARD = "gnu++0x";
				CLANG_CXX_LIBRARY = "libc++";
				CLANG_ENABLE_MODULES = YES;
				CLANG_ENABLE_OBJC_ARC = YES;
				CLANG_WARN_BOOL_CONVERSION = YES;
				CLANG_WARN_CONSTANT_CONVERSION = YES;
				CLANG_WARN_DIRECT_OBJC_ISA_USAGE = YES_ERROR;
				CLANG_WARN_EMPTY_BODY = YES;
				CLANG_WARN_ENUM_CONVERSION = YES;
				CLANG_WARN_INT_CONVERSION = YES;
				CLANG_WARN_OBJC_ROOT_CLASS = YES_ERROR;
				CLANG_WARN_UNREACHABLE_CODE = YES;
				CLANG_WARN__DUPLICATE_METHOD_MATCH = YES;
				CODE_SIGN_IDENTITY = "-";
				COPY_PHASE_STRIP = NO;
				DEBUG_INFORMATION_FORMAT = "dwarf-with-dsym";
				ENABLE_NS_ASSERTIONS = NO;
				ENABLE_STRICT_OBJC_MSGSEND = YES;
				GCC_C_LANGUAGE_STANDARD = gnu99;
				GCC_NO_COMMON_BLOCKS = YES;
				GCC_WARN_64_TO_32_BIT_CONVERSION = YES;
				GCC_WARN_ABOUT_RETURN_TYPE = YES_ERROR;
				GCC_WARN_UNDECLARED_SELECTOR = YES;
				GCC_WARN_UNINITIALIZED_AUTOS = YES_AGGRESSIVE;
				GCC_WARN_UNUSED_FUNCTION = YES;
				GCC_WARN_UNUSED_VARIABLE = YES;
				MACOSX_DEPLOYMENT_TARGET = 10.11;
				MTL_ENABLE_DEBUG_INFO = NO;
				SDKROOT = macosx;
			};
			name = Release;
		};
		27FE868E1CE96A3200506947 /* Debug */ = {
			isa = XCBuildConfiguration;
			buildSettings = {
				PRODUCT_NAME = "$(TARGET_NAME)";
			};
			name = Debug;
		};
		27FE868F1CE96A3200506947 /* Release */ = {
			isa = XCBuildConfiguration;
			buildSettings = {
				PRODUCT_NAME = "$(TARGET_NAME)";
			};
			name = Release;
		};
/* End XCBuildConfiguration section */

/* Begin XCConfigurationList section */
		27FE86811CE96A3200506947 /* Build configuration list for PBXProject "ZYXFactoryPatten" */ = {
			isa = XCConfigurationList;
			buildConfigurations = (
				27FE868B1CE96A3200506947 /* Debug */,
				27FE868C1CE96A3200506947 /* Release */,
			);
			defaultConfigurationIsVisible = 0;
			defaultConfigurationName = Release;
		};
		27FE868D1CE96A3200506947 /* Build configuration list for PBXNativeTarget "ZYXFactoryPatten" */ = {
			isa = XCConfigurationList;
			buildConfigurations = (
				27FE868E1CE96A3200506947 /* Debug */,
				27FE868F1CE96A3200506947 /* Release */,
			);
			defaultConfigurationIsVisible = 0;
		};
/* End XCConfigurationList section */
	};
	rootObject = 27FE867E1CE96A3200506947 /* Project object */;
}
